
Microsoft Visual Studio Solution File, Format Version 12.00
# Visual Studio Version 17
VisualStudioVersion = 17.14.36908.2 d17.14
MinimumVisualStudioVersion = 10.0.40219.1
Project("{FAE04EC0-301F-11D3-BF4B-00C04F79EFBC}") = "Week1Api", "Week1Api.csproj", "{1A41D9F2-F17D-435F-A3D8-C73A2A0D63DF}"
EndProject
Global
	GlobalSection(SolutionConfigurationPlatforms) = preSolution
		Debug|Any CPU = Debug|Any CPU
		Release|Any CPU = Release|Any CPU
	EndGlobalSection
	GlobalSection(ProjectConfigurationPlatforms) = postSolution
		{1A41D9F2-F17D-435F-A3D8-C73A2A0D63DF}.Debug|Any CPU.ActiveCfg = Debug|Any CPU
		{1A41D9F2-F17D-435F-A3D8-C73A2A0D63DF}.Debug|Any CPU.Build.0 = Debug|Any CPU
		{1A41D9F2-F17D-435F-A3D8-C73A2A0D63DF}.Release|Any CPU.ActiveCfg = Release|Any CPU
		{1A41D9F2-F17D-435F-A3D8-C73A2A0D63DF}.Release|Any CPU.Build.0 = Release|Any CPU
	EndGlobalSection
	GlobalSection(SolutionProperties) = preSolution
		HideSolutionNode = FALSE
	EndGlobalSection
	GlobalSection(ExtensibilityGlobals) = postSolution
		SolutionGuid = {B4E9EC0F-076C-4C06-877D-EB0EBB9335D8}
	EndGlobalSection
EndGlobal
